
Microsoft Visual Studio Solution File, Format Version 12.00
# Visual Studio 15
Project("{FAE04EC0-301F-11D3-BF4B-00C04F79EFBC}") = "Assembly-CSharp", "Assembly-CSharp.csproj", "{A2E16C1B-9B75-0DFD-640E-644EAA57295C}"
EndProject
Project("{FAE04EC0-301F-11D3-BF4B-00C04F79EFBC}") = "Assembly-CSharp-Editor", "Assembly-CSharp-Editor.csproj", "{1C283C01-8AB7-815D-786D-9B4BF15379B5}"
EndProject
Global
	GlobalSection(SolutionConfigurationPlatforms) = preSolution
		Debug|Any CPU = Debug|Any CPU
		Release|Any CPU = Release|Any CPU
	EndGlobalSection
	GlobalSection(ProjectConfigurationPlatforms) = postSolution
		{A2E16C1B-9B75-0DFD-640E-644EAA57295C}.Debug|Any CPU.ActiveCfg = Debug|Any CPU
		{A2E16C1B-9B75-0DFD-640E-644EAA57295C}.Debug|Any CPU.Build.0 = Debug|Any CPU
		{A2E16C1B-9B75-0DFD-640E-644EAA57295C}.Release|Any CPU.ActiveCfg = Release|Any CPU
		{A2E16C1B-9B75-0DFD-640E-644EAA57295C}.Release|Any CPU.Build.0 = Release|Any CPU
		{1C283C01-8AB7-815D-786D-9B4BF15379B5}.Debug|Any CPU.ActiveCfg = Debug|Any CPU
		{1C283C01-8AB7-815D-786D-9B4BF15379B5}.Debug|Any CPU.Build.0 = Debug|Any CPU
		{1C283C01-8AB7-815D-786D-9B4BF15379B5}.Release|Any CPU.ActiveCfg = Release|Any CPU
		{1C283C01-8AB7-815D-786D-9B4BF15379B5}.Release|Any CPU.Build.0 = Release|Any CPU
	EndGlobalSection
	GlobalSection(SolutionProperties) = preSolution
		HideSolutionNode = FALSE
	EndGlobalSection
EndGlobal
